{
  "name": "@neutrium/thermo",
  "version": "2.0.2",
  "lockfileVersion": 3,
  "requires": true,
  "packages": {
    "": {
      "name": "@neutrium/thermo",
      "version": "2.0.2",
      "license": "CC-BY-4.0",
      "dependencies": {
        "@neutrium/quantity": "^3.0.2"
      },
      "engines": {
        "node": ">=0.10.0"
      }
    },
    "node_modules/@neutrium/math": {
      "version": "0.1.1",
      "resolved": "https://registry.npmjs.org/@neutrium/math/-/math-0.1.1.tgz",
      "integrity": "sha512-slkg71cfpz+KRb26HS8NZnLE4JnoBfCbAvw54njG6DPiKcAUcCOLnUgDavExJikd4DNsCZqkdnyIdFY+kwr2Pw==",
      "deprecated": "This project has been renamed. Install using @neutrium/decimal instead.",
      "license": "CC-BY-4.0",
      "engines": {
        "node": ">=0.10.0"
      }
    },
    "node_modules/@neutrium/quantity": {
      "version": "3.0.7",
      "resolved": "https://registry.npmjs.org/@neutrium/quantity/-/quantity-3.0.7.tgz",
      "integrity": "sha512-mr/ysxjEJVFH0OlCAbgBw1o6M1OUvITrJB5Jy19ylHSQMjzR4nGQx6aLrtfIffkSwtiJNfpyigllDhbIUqzSew==",
      "license": "CC-BY-4.0",
      "dependencies": {
        "@neutrium/math": "^0.1.1",
        "@neutrium/utilities": "^2.0.0"
      },
      "engines": {
        "node": ">=0.10.0"
      }
    },
    "node_modules/@neutrium/utilities": {
      "version": "2.0.0",
      "resolved": "https://registry.npmjs.org/@neutrium/utilities/-/utilities-2.0.0.tgz",
      "integrity": "sha512-rAj7//8y3ldNdNEugzRvPuNl+A425Z/hLFgI5TUNTZPa+yDufzfGkHyuvaOeWkL7ydlwwtF+t0ndhC5hIEsQFA==",
      "license": "CC-BY-4.0",
      "engines": {
        "node": ">=0.10.0"
      }
    }
  }
}
